
Microsoft Visual Studio Solution File, Format Version 12.00
# Visual Studio Version 16
VisualStudioVersion = 16.0.31424.327
MinimumVisualStudioVersion = 10.0.40219.1
Project("{FAE04EC0-301F-11D3-BF4B-00C04F79EFBC}") = "TimetableA", "TimetableA\TimetableA.csproj", "{B5C86BB8-0F4E-40B2-899A-8455C46550D9}"
EndProject
Global
	GlobalSection(SolutionConfigurationPlatforms) = preSolution
		Debug|Any CPU = Debug|Any CPU
		Release|Any CPU = Release|Any CPU
	EndGlobalSection
	GlobalSection(ProjectConfigurationPlatforms) = postSolution
		{B5C86BB8-0F4E-40B2-899A-8455C46550D9}.Debug|Any CPU.ActiveCfg = Debug|Any CPU
		{B5C86BB8-0F4E-40B2-899A-8455C46550D9}.Debug|Any CPU.Build.0 = Debug|Any CPU
		{B5C86BB8-0F4E-40B2-899A-8455C46550D9}.Release|Any CPU.ActiveCfg = Release|Any CPU
		{B5C86BB8-0F4E-40B2-899A-8455C46550D9}.Release|Any CPU.Build.0 = Release|Any CPU
	EndGlobalSection
	GlobalSection(SolutionProperties) = preSolution
		HideSolutionNode = FALSE
	EndGlobalSection
	GlobalSection(ExtensibilityGlobals) = postSolution
		SolutionGuid = {E5FABF4F-31A0-49F9-8A8F-4EB3851E86E9}
	EndGlobalSection
EndGlobal
