
Microsoft Visual Studio Solution File, Format Version 12.00
# Visual Studio Version 16
VisualStudioVersion = 16.0.31424.327
MinimumVisualStudioVersion = 10.0.40219.1
Project("{9A19103F-16F7-4668-BE54-9A1E7A4F7556}") = "TimetableA.API", "TimetableA\TimetableA.API.csproj", "{B5C86BB8-0F4E-40B2-899A-8455C46550D9}"
EndProject
Project("{9A19103F-16F7-4668-BE54-9A1E7A4F7556}") = "TimetableA.Entities", "TimetableA.Entities\TimetableA.Entities.csproj", "{193D0A98-6F08-4E2D-97C8-3E37D81CFA97}"
EndProject
Project("{9A19103F-16F7-4668-BE54-9A1E7A4F7556}") = "TimetableA.DataAccessLayer", "TimetableA.DataAccessLayer\TimetableA.DataAccessLayer.csproj", "{63105980-94E2-4CA2-A15B-E487711EF73B}"
EndProject
Project("{9A19103F-16F7-4668-BE54-9A1E7A4F7556}") = "TimetableA.Importer", "Timetable.Importer\TimetableA.Importer.csproj", "{7B189330-E452-4FE6-A7C0-5977A8B2154E}"
EndProject
Project("{9A19103F-16F7-4668-BE54-9A1E7A4F7556}") = "TimetableA.ConsoleImporter", "TimetableA.Console\TimetableA.ConsoleImporter.csproj", "{5D5C644E-FF1D-4E42-885A-A12DD1E7ACDD}"
EndProject
Project("{9A19103F-16F7-4668-BE54-9A1E7A4F7556}") = "TimetableA.API.DTO", "TimetableA.API.DTO\TimetableA.API.DTO.csproj", "{77D4C5EF-099C-44C5-9BD8-50B8DAF5C249}"
EndProject
Project("{FAE04EC0-301F-11D3-BF4B-00C04F79EFBC}") = "TimetableA.Models", "TimetableA.Models\TimetableA.Models.csproj", "{C5C40A01-33EA-4D10-9130-7ABA3063249F}"
EndProject
Global
	GlobalSection(SolutionConfigurationPlatforms) = preSolution
		Debug|Any CPU = Debug|Any CPU
		Release|Any CPU = Release|Any CPU
	EndGlobalSection
	GlobalSection(ProjectConfigurationPlatforms) = postSolution
		{B5C86BB8-0F4E-40B2-899A-8455C46550D9}.Debug|Any CPU.ActiveCfg = Debug|Any CPU
		{B5C86BB8-0F4E-40B2-899A-8455C46550D9}.Debug|Any CPU.Build.0 = Debug|Any CPU
		{B5C86BB8-0F4E-40B2-899A-8455C46550D9}.Release|Any CPU.ActiveCfg = Release|Any CPU
		{B5C86BB8-0F4E-40B2-899A-8455C46550D9}.Release|Any CPU.Build.0 = Release|Any CPU
		{193D0A98-6F08-4E2D-97C8-3E37D81CFA97}.Debug|Any CPU.ActiveCfg = Debug|Any CPU
		{193D0A98-6F08-4E2D-97C8-3E37D81CFA97}.Debug|Any CPU.Build.0 = Debug|Any CPU
		{193D0A98-6F08-4E2D-97C8-3E37D81CFA97}.Release|Any CPU.ActiveCfg = Release|Any CPU
		{193D0A98-6F08-4E2D-97C8-3E37D81CFA97}.Release|Any CPU.Build.0 = Release|Any CPU
		{63105980-94E2-4CA2-A15B-E487711EF73B}.Debug|Any CPU.ActiveCfg = Debug|Any CPU
		{63105980-94E2-4CA2-A15B-E487711EF73B}.Debug|Any CPU.Build.0 = Debug|Any CPU
		{63105980-94E2-4CA2-A15B-E487711EF73B}.Release|Any CPU.ActiveCfg = Release|Any CPU
		{63105980-94E2-4CA2-A15B-E487711EF73B}.Release|Any CPU.Build.0 = Release|Any CPU
		{7B189330-E452-4FE6-A7C0-5977A8B2154E}.Debug|Any CPU.ActiveCfg = Debug|Any CPU
		{7B189330-E452-4FE6-A7C0-5977A8B2154E}.Debug|Any CPU.Build.0 = Debug|Any CPU
		{7B189330-E452-4FE6-A7C0-5977A8B2154E}.Release|Any CPU.ActiveCfg = Release|Any CPU
		{7B189330-E452-4FE6-A7C0-5977A8B2154E}.Release|Any CPU.Build.0 = Release|Any CPU
		{5D5C644E-FF1D-4E42-885A-A12DD1E7ACDD}.Debug|Any CPU.ActiveCfg = Debug|Any CPU
		{5D5C644E-FF1D-4E42-885A-A12DD1E7ACDD}.Debug|Any CPU.Build.0 = Debug|Any CPU
		{5D5C644E-FF1D-4E42-885A-A12DD1E7ACDD}.Release|Any CPU.ActiveCfg = Release|Any CPU
		{5D5C644E-FF1D-4E42-885A-A12DD1E7ACDD}.Release|Any CPU.Build.0 = Release|Any CPU
		{77D4C5EF-099C-44C5-9BD8-50B8DAF5C249}.Debug|Any CPU.ActiveCfg = Debug|Any CPU
		{77D4C5EF-099C-44C5-9BD8-50B8DAF5C249}.Debug|Any CPU.Build.0 = Debug|Any CPU
		{77D4C5EF-099C-44C5-9BD8-50B8DAF5C249}.Release|Any CPU.ActiveCfg = Release|Any CPU
		{77D4C5EF-099C-44C5-9BD8-50B8DAF5C249}.Release|Any CPU.Build.0 = Release|Any CPU
		{C5C40A01-33EA-4D10-9130-7ABA3063249F}.Debug|Any CPU.ActiveCfg = Debug|Any CPU
		{C5C40A01-33EA-4D10-9130-7ABA3063249F}.Debug|Any CPU.Build.0 = Debug|Any CPU
		{C5C40A01-33EA-4D10-9130-7ABA3063249F}.Release|Any CPU.ActiveCfg = Release|Any CPU
		{C5C40A01-33EA-4D10-9130-7ABA3063249F}.Release|Any CPU.Build.0 = Release|Any CPU
	EndGlobalSection
	GlobalSection(SolutionProperties) = preSolution
		HideSolutionNode = FALSE
	EndGlobalSection
	GlobalSection(ExtensibilityGlobals) = postSolution
		SolutionGuid = {E5FABF4F-31A0-49F9-8A8F-4EB3851E86E9}
	EndGlobalSection
EndGlobal
